
Microsoft Visual Studio Solution File, Format Version 11.00
# Visual Studio 2010
Project("{FAE04EC0-301F-11D3-BF4B-00C04F79EFBC}") = "CreatingInstaller", "CreatingInstaller\CreatingInstaller.csproj", "{AF88ACAA-C7FB-411B-A750-DD60885E3DAC}"
EndProject
Project("{54435603-DBB4-11D2-8724-00A0C9A8B90C}") = "CreatingInstallerSetup", "CreatingInstallerSetup\CreatingInstallerSetup.vdproj", "{136BF622-7EF7-4138-9BD1-EECE71E0CFCD}"
EndProject
Global
	GlobalSection(SolutionConfigurationPlatforms) = preSolution
		Debug|x86 = Debug|x86
		Release|x86 = Release|x86
	EndGlobalSection
	GlobalSection(ProjectConfigurationPlatforms) = postSolution
		{AF88ACAA-C7FB-411B-A750-DD60885E3DAC}.Debug|x86.ActiveCfg = Debug|x86
		{AF88ACAA-C7FB-411B-A750-DD60885E3DAC}.Debug|x86.Build.0 = Debug|x86
		{AF88ACAA-C7FB-411B-A750-DD60885E3DAC}.Release|x86.ActiveCfg = Release|x86
		{AF88ACAA-C7FB-411B-A750-DD60885E3DAC}.Release|x86.Build.0 = Release|x86
		{136BF622-7EF7-4138-9BD1-EECE71E0CFCD}.Debug|x86.ActiveCfg = Debug
		{136BF622-7EF7-4138-9BD1-EECE71E0CFCD}.Release|x86.ActiveCfg = Release
	EndGlobalSection
	GlobalSection(SolutionProperties) = preSolution
		HideSolutionNode = FALSE
	EndGlobalSection
EndGlobal
